// !$*UTF8*$!
{
	archiveVersion = 1;
	classes = {
	};
	objectVersion = 46;
	objects = {

/* Begin PBXBuildFile section */
		CA3FC1F41D5821640084A568 /* AppDelegate.swift in Sources */ = {isa = PBXBuildFile; fileRef = CA3FC1F31D5821640084A568 /* AppDelegate.swift */; };
		CA3FC1F61D5821640084A568 /* ViewController.swift in Sources */ = {isa = PBXBuildFile; fileRef = CA3FC1F51D5821640084A568 /* ViewController.swift */; };
		CA3FC1F91D5821640084A568 /* Main.storyboard in Resources */ = {isa = PBXBuildFile; fileRef = CA3FC1F71D5821640084A568 /* Main.storyboard */; };
		CA3FC1FC1D5821640084A568 /* Unsplash.xcdatamodeld in Sources */ = {isa = PBXBuildFile; fileRef = CA3FC1FA1D5821640084A568 /* Unsplash.xcdatamodeld */; };
		CA3FC1FE1D5821640084A568 /* Assets.xcassets in Resources */ = {isa = PBXBuildFile; fileRef = CA3FC1FD1D5821640084A568 /* Assets.xcassets */; };
		CA3FC2011D5821640084A568 /* LaunchScreen.storyboard in Resources */ = {isa = PBXBuildFile; fileRef = CA3FC1FF1D5821640084A568 /* LaunchScreen.storyboard */; };
/* End PBXBuildFile section */

/* Begin PBXFileReference section */
		CA3FC1F01D5821640084A568 /* Unsplash.app */ = {isa = PBXFileReference; explicitFileType = wrapper.application; includeInIndex = 0; path = Unsplash.app; sourceTree = BUILT_PRODUCTS_DIR; };
		CA3FC1F31D5821640084A568 /* AppDelegate.swift */ = {isa = PBXFileReference; lastKnownFileType = sourcecode.swift; path = AppDelegate.swift; sourceTree = "<group>"; };
		CA3FC1F51D5821640084A568 /* ViewController.swift */ = {isa = PBXFileReference; lastKnownFileType = sourcecode.swift; path = ViewController.swift; sourceTree = "<group>"; };
		CA3FC1F81D5821640084A568 /* Base */ = {isa = PBXFileReference; lastKnownFileType = file.storyboard; name = Base; path = Base.lproj/Main.storyboard; sourceTree = "<group>"; };
		CA3FC1FB1D5821640084A568 /* Unsplash.xcdatamodel */ = {isa = PBXFileReference; lastKnownFileType = wrapper.xcdatamodel; path = Unsplash.xcdatamodel; sourceTree = "<group>"; };
		CA3FC1FD1D5821640084A568 /* Assets.xcassets */ = {isa = PBXFileReference; lastKnownFileType = folder.assetcatalog; path = Assets.xcassets; sourceTree = "<group>"; };
		CA3FC2001D5821640084A568 /* Base */ = {isa = PBXFileReference; lastKnownFileType = file.storyboard; name = Base; path = Base.lproj/LaunchScreen.storyboard; sourceTree = "<group>"; };
		CA3FC2021D5821640084A568 /* Info.plist */ = {isa = PBXFileReference; lastKnownFileType = text.plist.xml; path = Info.plist; sourceTree = "<group>"; };
/* End PBXFileReference section */

/* Begin PBXFrameworksBuildPhase section */
		CA3FC1ED1D5821640084A568 /* Frameworks */ = {
			isa = PBXFrameworksBuildPhase;
			buildActionMask = 2147483647;
			files = (
			);
			runOnlyForDeploymentPostprocessing = 0;
		};
/* End PBXFrameworksBuildPhase section */

/* Begin PBXGroup section */
		CA3FC1E71D5821640084A568 = {
			isa = PBXGroup;
			children = (
				CA3FC1F21D5821640084A568 /* Unsplash */,
				CA3FC1F11D5821640084A568 /* Products */,
			);
			sourceTree = "<group>";
		};
		CA3FC1F11D5821640084A568 /* Products */ = {
			isa = PBXGroup;
			children = (
				CA3FC1F01D5821640084A568 /* Unsplash.app */,
			);
			name = Products;
			sourceTree = "<group>";
		};
		CA3FC1F21D5821640084A568 /* Unsplash */ = {
			isa = PBXGroup;
			children = (
				CA3FC1F31D5821640084A568 /* AppDelegate.swift */,
				CA3FC1F51D5821640084A568 /* ViewController.swift */,
				CA3FC1F71D5821640084A568 /* Main.storyboard */,
				CA3FC1FD1D5821640084A568 /* Assets.xcassets */,
				CA3FC1FF1D5821640084A568 /* LaunchScreen.storyboard */,
				CA3FC2021D5821640084A568 /* Info.plist */,
				CA3FC1FA1D5821640084A568 /* Unsplash.xcdatamodeld */,
			);
			path = Unsplash;
			sourceTree = "<group>";
		};
/* End PBXGroup section */

/* Begin PBXNativeTarget section */
		CA3FC1EF1D5821640084A568 /* Unsplash */ = {
			isa = PBXNativeTarget;
			buildConfigurationList = CA3FC2051D5821640084A568 /* Build configuration list for PBXNativeTarget "Unsplash" */;
			buildPhases = (
				CA3FC1EC1D5821640084A568 /* Sources */,
				CA3FC1ED1D5821640084A568 /* Frameworks */,
				CA3FC1EE1D5821640084A568 /* Resources */,
			);
			buildRules = (
			);
			dependencies = (
			);
			name = Unsplash;
			productName = Unsplash;
			productReference = CA3FC1F01D5821640084A568 /* Unsplash.app */;
			productType = "com.apple.product-type.application";
		};
/* End PBXNativeTarget section */

/* Begin PBXProject section */
		CA3FC1E81D5821640084A568 /* Project object */ = {
			isa = PBXProject;
			attributes = {
				LastSwiftUpdateCheck = 0730;
				LastUpgradeCheck = 0730;
				ORGANIZATIONNAME = "Usonia LLC";
				TargetAttributes = {
					CA3FC1EF1D5821640084A568 = {
						CreatedOnToolsVersion = 7.3.1;
					};
				};
			};
			buildConfigurationList = CA3FC1EB1D5821640084A568 /* Build configuration list for PBXProject "Unsplash" */;
			compatibilityVersion = "Xcode 3.2";
			developmentRegion = English;
			hasScannedForEncodings = 0;
			knownRegions = (
				en,
				Base,
			);
			mainGroup = CA3FC1E71D5821640084A568;
			productRefGroup = CA3FC1F11D5821640084A568 /* Products */;
			projectDirPath = "";
			projectRoot = "";
			targets = (
				CA3FC1EF1D5821640084A568 /* Unsplash */,
			);
		};
/* End PBXProject section */

/* Begin PBXResourcesBuildPhase section */
		CA3FC1EE1D5821640084A568 /* Resources */ = {
			isa = PBXResourcesBuildPhase;
			buildActionMask = 2147483647;
			files = (
				CA3FC2011D5821640084A568 /* LaunchScreen.storyboard in Resources */,
				CA3FC1FE1D5821640084A568 /* Assets.xcassets in Resources */,
				CA3FC1F91D5821640084A568 /* Main.storyboard in Resources */,
			);
			runOnlyForDeploymentPostprocessing = 0;
		};
/* End PBXResourcesBuildPhase section */

/* Begin PBXSourcesBuildPhase section */
		CA3FC1EC1D5821640084A568 /* Sources */ = {
			isa = PBXSourcesBuildPhase;
			buildActionMask = 2147483647;
			files = (
				CA3FC1FC1D5821640084A568 /* Unsplash.xcdatamodeld in Sources */,
				CA3FC1F61D5821640084A568 /* ViewController.swift in Sources */,
				CA3FC1F41D5821640084A568 /* AppDelegate.swift in Sources */,
			);
			runOnlyForDeploymentPostprocessing = 0;
		};
/* End PBXSourcesBuildPhase section */

/* Begin PBXVariantGroup section */
		CA3FC1F71D5821640084A568 /* Main.storyboard */ = {
			isa = PBXVariantGroup;
			children = (
				CA3FC1F81D5821640084A568 /* Base */,
			);
			name = Main.storyboard;
			sourceTree = "<group>";
		};
		CA3FC1FF1D5821640084A568 /* LaunchScreen.storyboard */ = {
			isa = PBXVariantGroup;
			children = (
				CA3FC2001D5821640084A568 /* Base */,
			);
			name = LaunchScreen.storyboard;
			sourceTree = "<group>";
		};
/* End PBXVariantGroup section */

/* Begin XCBuildConfiguration section */
		CA3FC2031D5821640084A568 /* Debug */ = {
			isa = XCBuildConfiguration;
			buildSettings = {
				ALWAYS_SEARCH_USER_PATHS = NO;
				CLANG_ANALYZER_NONNULL = YES;
				CLANG_CXX_LANGUAGE_STANDARD = "gnu++0x";
				CLANG_CXX_LIBRARY = "libc++";
				CLANG_ENABLE_MODULES = YES;
				CLANG_ENABLE_OBJC_ARC = YES;
				CLANG_WARN_BOOL_CONVERSION = YES;
				CLANG_WARN_CONSTANT_CONVERSION = YES;
				CLANG_WARN_DIRECT_OBJC_ISA_USAGE = YES_ERROR;
				CLANG_WARN_EMPTY_BODY = YES;
				CLANG_WARN_ENUM_CONVERSION = YES;
				CLANG_WARN_INT_CONVERSION = YES;
				CLANG_WARN_OBJC_ROOT_CLASS = YES_ERROR;
				CLANG_WARN_UNREACHABLE_CODE = YES;
				CLANG_WARN__DUPLICATE_METHOD_MATCH = YES;
				"CODE_SIGN_IDENTITY[sdk=iphoneos*]" = "iPhone Developer";
				COPY_PHASE_STRIP = NO;
				DEBUG_INFORMATION_FORMAT = dwarf;
				ENABLE_STRICT_OBJC_MSGSEND = YES;
				ENABLE_TESTABILITY = YES;
				GCC_C_LANGUAGE_STANDARD = gnu99;
				GCC_DYNAMIC_NO_PIC = NO;
				GCC_NO_COMMON_BLOCKS = YES;
				GCC_OPTIMIZATION_LEVEL = 0;
				GCC_PREPROCESSOR_DEFINITIONS = (
					"DEBUG=1",
					"$(inherited)",
				);
				GCC_WARN_64_TO_32_BIT_CONVERSION = YES;
				GCC_WARN_ABOUT_RETURN_TYPE = YES_ERROR;
				GCC_WARN_UNDECLARED_SELECTOR = YES;
				GCC_WARN_UNINITIALIZED_AUTOS = YES_AGGRESSIVE;
				GCC_WARN_UNUSED_FUNCTION = YES;
				GCC_WARN_UNUSED_VARIABLE = YES;
				IPHONEOS_DEPLOYMENT_TARGET = 9.3;
				MTL_ENABLE_DEBUG_INFO = YES;
				ONLY_ACTIVE_ARCH = YES;
				SDKROOT = iphoneos;
				SWIFT_OPTIMIZATION_LEVEL = "-Onone";
			};
			name = Debug;
		};
		CA3FC2041D5821640084A568 /* Release */ = {
			isa = XCBuildConfiguration;
			buildSettings = {
				ALWAYS_SEARCH_USER_PATHS = NO;
				CLANG_ANALYZER_NONNULL = YES;
				CLANG_CXX_LANGUAGE_STANDARD = "gnu++0x";
				CLANG_CXX_LIBRARY = "libc++";
				CLANG_ENABLE_MODULES = YES;
				CLANG_ENABLE_OBJC_ARC = YES;
				CLANG_WARN_BOOL_CONVERSION = YES;
				CLANG_WARN_CONSTANT_CONVERSION = YES;
				CLANG_WARN_DIRECT_OBJC_ISA_USAGE = YES_ERROR;
				CLANG_WARN_EMPTY_BODY = YES;
				CLANG_WARN_ENUM_CONVERSION = YES;
				CLANG_WARN_INT_CONVERSION = YES;
				CLANG_WARN_OBJC_ROOT_CLASS = YES_ERROR;
				CLANG_WARN_UNREACHABLE_CODE = YES;
				CLANG_WARN__DUPLICATE_METHOD_MATCH = YES;
				"CODE_SIGN_IDENTITY[sdk=iphoneos*]" = "iPhone Developer";
				COPY_PHASE_STRIP = NO;
				DEBUG_INFORMATION_FORMAT = "dwarf-with-dsym";
				ENABLE_NS_ASSERTIONS = NO;
				ENABLE_STRICT_OBJC_MSGSEND = YES;
				GCC_C_LANGUAGE_STANDARD = gnu99;
				GCC_NO_COMMON_BLOCKS = YES;
				GCC_WARN_64_TO_32_BIT_CONVERSION = YES;
				GCC_WARN_ABOUT_RETURN_TYPE = YES_ERROR;
				GCC_WARN_UNDECLARED_SELECTOR = YES;
				GCC_WARN_UNINITIALIZED_AUTOS = YES_AGGRESSIVE;
				GCC_WARN_UNUSED_FUNCTION = YES;
				GCC_WARN_UNUSED_VARIABLE = YES;
				IPHONEOS_DEPLOYMENT_TARGET = 9.3;
				MTL_ENABLE_DEBUG_INFO = NO;
				SDKROOT = iphoneos;
				VALIDATE_PRODUCT = YES;
			};
			name = Release;
		};
		CA3FC2061D5821640084A568 /* Debug */ = {
			isa = XCBuildConfiguration;
			buildSettings = {
				ASSETCATALOG_COMPILER_APPICON_NAME = AppIcon;
				INFOPLIST_FILE = Unsplash/Info.plist;
				LD_RUNPATH_SEARCH_PATHS = "$(inherited) @executable_path/Frameworks";
				PRODUCT_BUNDLE_IDENTIFIER = co.usonia.Unsplash;
				PRODUCT_NAME = "$(TARGET_NAME)";
			};
			name = Debug;
		};
		CA3FC2071D5821640084A568 /* Release */ = {
			isa = XCBuildConfiguration;
			buildSettings = {
				ASSETCATALOG_COMPILER_APPICON_NAME = AppIcon;
				INFOPLIST_FILE = Unsplash/Info.plist;
				LD_RUNPATH_SEARCH_PATHS = "$(inherited) @executable_path/Frameworks";
				PRODUCT_BUNDLE_IDENTIFIER = co.usonia.Unsplash;
				PRODUCT_NAME = "$(TARGET_NAME)";
			};
			name = Release;
		};
/* End XCBuildConfiguration section */

/* Begin XCConfigurationList section */
		CA3FC1EB1D5821640084A568 /* Build configuration list for PBXProject "Unsplash" */ = {
			isa = XCConfigurationList;
			buildConfigurations = (
				CA3FC2031D5821640084A568 /* Debug */,
				CA3FC2041D5821640084A568 /* Release */,
			);
			defaultConfigurationIsVisible = 0;
			defaultConfigurationName = Release;
		};
		CA3FC2051D5821640084A568 /* Build configuration list for PBXNativeTarget "Unsplash" */ = {
			isa = XCConfigurationList;
			buildConfigurations = (
				CA3FC2061D5821640084A568 /* Debug */,
				CA3FC2071D5821640084A568 /* Release */,
			);
			defaultConfigurationIsVisible = 0;
		};
/* End XCConfigurationList section */

/* Begin XCVersionGroup section */
		CA3FC1FA1D5821640084A568 /* Unsplash.xcdatamodeld */ = {
			isa = XCVersionGroup;
			children = (
				CA3FC1FB1D5821640084A568 /* Unsplash.xcdatamodel */,
			);
			currentVersion = CA3FC1FB1D5821640084A568 /* Unsplash.xcdatamodel */;
			path = Unsplash.xcdatamodeld;
			sourceTree = "<group>";
			versionGroupType = wrapper.xcdatamodel;
		};
/* End XCVersionGroup section */
	};
	rootObject = CA3FC1E81D5821640084A568 /* Project object */;
}
